
Microsoft Visual Studio Solution File, Format Version 12.00
# Visual Studio Version 17
VisualStudioVersion = 17.8.34330.188
MinimumVisualStudioVersion = 10.0.40219.1
Project("{FAE04EC0-301F-11D3-BF4B-00C04F79EFBC}") = "SistemaDeMusica", "SistemaDeMusica\SistemaDeMusica.csproj", "{9C33FC36-C001-4601-A773-1F1FC51F4787}"
EndProject
Global
	GlobalSection(SolutionConfigurationPlatforms) = preSolution
		Debug|Any CPU = Debug|Any CPU
		Release|Any CPU = Release|Any CPU
	EndGlobalSection
	GlobalSection(ProjectConfigurationPlatforms) = postSolution
		{9C33FC36-C001-4601-A773-1F1FC51F4787}.Debug|Any CPU.ActiveCfg = Debug|Any CPU
		{9C33FC36-C001-4601-A773-1F1FC51F4787}.Debug|Any CPU.Build.0 = Debug|Any CPU
		{9C33FC36-C001-4601-A773-1F1FC51F4787}.Release|Any CPU.ActiveCfg = Release|Any CPU
		{9C33FC36-C001-4601-A773-1F1FC51F4787}.Release|Any CPU.Build.0 = Release|Any CPU
	EndGlobalSection
	GlobalSection(SolutionProperties) = preSolution
		HideSolutionNode = FALSE
	EndGlobalSection
	GlobalSection(ExtensibilityGlobals) = postSolution
		SolutionGuid = {959C1E84-A616-46EB-B13E-F6DD474759CD}
	EndGlobalSection
EndGlobal
